
Microsoft Visual Studio Solution File, Format Version 12.00
# Visual Studio Version 17
VisualStudioVersion = 17.6.33815.320
MinimumVisualStudioVersion = 10.0.40219.1
Project("{8BC9CEB8-8B4A-11D0-8D11-00A0C91BC942}") = "NativeConsole", "NativeConsole\NativeConsole.vcxproj", "{79937FE1-2E38-4A52-9A58-A0DD6361E6B7}"
EndProject
Project("{9A19103F-16F7-4668-BE54-9A1E7A4F7556}") = "ManagedDll", "ManagedDll\ManagedDll.csproj", "{2196B42F-3F13-4D71-A5B9-D3810A23B960}"
EndProject
Project("{8BC9CEB8-8B4A-11D0-8D11-00A0C91BC942}") = "ClrDll", "ClrDll\ClrDll.vcxproj", "{2A70EA22-BAC5-4BDE-B13F-6C7451D4908C}"
EndProject
Project("{FAE04EC0-301F-11D3-BF4B-00C04F79EFBC}") = "ManagedConsole", "ManagedConsole\ManagedConsole.csproj", "{530AF61B-9DCF-4485-BAF8-043D0BD84D24}"
EndProject
Project("{8BC9CEB8-8B4A-11D0-8D11-00A0C91BC942}") = "NativeDll", "NativeDll\NativeDll.vcxproj", "{9BCB87EC-97F6-45BC-A352-108E6A744EF9}"
EndProject
Project("{2150E333-8FDC-42A3-9474-1A3956D46DE8}") = "Applications", "Applications", "{538BF0AF-2996-4C8E-ADB7-F8BC5480450D}"
EndProject
Project("{2150E333-8FDC-42A3-9474-1A3956D46DE8}") = "DLLs", "DLLs", "{890D98D3-F3AF-4E04-8F63-BC7CF7902159}"
EndProject
Project("{2150E333-8FDC-42A3-9474-1A3956D46DE8}") = "CLI", "CLI", "{D8F91BFD-AA33-4922-8581-8FFB530C6D71}"
EndProject
Global
	GlobalSection(SolutionConfigurationPlatforms) = preSolution
		Debug|Any CPU = Debug|Any CPU
		Debug|x64 = Debug|x64
		Debug|x86 = Debug|x86
		Release|Any CPU = Release|Any CPU
		Release|x64 = Release|x64
		Release|x86 = Release|x86
	EndGlobalSection
	GlobalSection(ProjectConfigurationPlatforms) = postSolution
		{79937FE1-2E38-4A52-9A58-A0DD6361E6B7}.Debug|Any CPU.ActiveCfg = Debug|x64
		{79937FE1-2E38-4A52-9A58-A0DD6361E6B7}.Debug|Any CPU.Build.0 = Debug|x64
		{79937FE1-2E38-4A52-9A58-A0DD6361E6B7}.Debug|x64.ActiveCfg = Debug|x64
		{79937FE1-2E38-4A52-9A58-A0DD6361E6B7}.Debug|x64.Build.0 = Debug|x64
		{79937FE1-2E38-4A52-9A58-A0DD6361E6B7}.Debug|x86.ActiveCfg = Debug|Win32
		{79937FE1-2E38-4A52-9A58-A0DD6361E6B7}.Debug|x86.Build.0 = Debug|Win32
		{79937FE1-2E38-4A52-9A58-A0DD6361E6B7}.Release|Any CPU.ActiveCfg = Release|x64
		{79937FE1-2E38-4A52-9A58-A0DD6361E6B7}.Release|Any CPU.Build.0 = Release|x64
		{79937FE1-2E38-4A52-9A58-A0DD6361E6B7}.Release|x64.ActiveCfg = Release|x64
		{79937FE1-2E38-4A52-9A58-A0DD6361E6B7}.Release|x64.Build.0 = Release|x64
		{79937FE1-2E38-4A52-9A58-A0DD6361E6B7}.Release|x86.ActiveCfg = Release|Win32
		{79937FE1-2E38-4A52-9A58-A0DD6361E6B7}.Release|x86.Build.0 = Release|Win32
		{2196B42F-3F13-4D71-A5B9-D3810A23B960}.Debug|Any CPU.ActiveCfg = Debug|Any CPU
		{2196B42F-3F13-4D71-A5B9-D3810A23B960}.Debug|Any CPU.Build.0 = Debug|Any CPU
		{2196B42F-3F13-4D71-A5B9-D3810A23B960}.Debug|x64.ActiveCfg = Debug|Any CPU
		{2196B42F-3F13-4D71-A5B9-D3810A23B960}.Debug|x64.Build.0 = Debug|Any CPU
		{2196B42F-3F13-4D71-A5B9-D3810A23B960}.Debug|x86.ActiveCfg = Debug|Any CPU
		{2196B42F-3F13-4D71-A5B9-D3810A23B960}.Debug|x86.Build.0 = Debug|Any CPU
		{2196B42F-3F13-4D71-A5B9-D3810A23B960}.Release|Any CPU.ActiveCfg = Release|Any CPU
		{2196B42F-3F13-4D71-A5B9-D3810A23B960}.Release|Any CPU.Build.0 = Release|Any CPU
		{2196B42F-3F13-4D71-A5B9-D3810A23B960}.Release|x64.ActiveCfg = Release|Any CPU
		{2196B42F-3F13-4D71-A5B9-D3810A23B960}.Release|x64.Build.0 = Release|Any CPU
		{2196B42F-3F13-4D71-A5B9-D3810A23B960}.Release|x86.ActiveCfg = Release|Any CPU
		{2196B42F-3F13-4D71-A5B9-D3810A23B960}.Release|x86.Build.0 = Release|Any CPU
		{2A70EA22-BAC5-4BDE-B13F-6C7451D4908C}.Debug|Any CPU.ActiveCfg = Debug|x64
		{2A70EA22-BAC5-4BDE-B13F-6C7451D4908C}.Debug|Any CPU.Build.0 = Debug|x64
		{2A70EA22-BAC5-4BDE-B13F-6C7451D4908C}.Debug|x64.ActiveCfg = Debug|x64
		{2A70EA22-BAC5-4BDE-B13F-6C7451D4908C}.Debug|x64.Build.0 = Debug|x64
		{2A70EA22-BAC5-4BDE-B13F-6C7451D4908C}.Debug|x86.ActiveCfg = Debug|Win32
		{2A70EA22-BAC5-4BDE-B13F-6C7451D4908C}.Debug|x86.Build.0 = Debug|Win32
		{2A70EA22-BAC5-4BDE-B13F-6C7451D4908C}.Release|Any CPU.ActiveCfg = Release|x64
		{2A70EA22-BAC5-4BDE-B13F-6C7451D4908C}.Release|Any CPU.Build.0 = Release|x64
		{2A70EA22-BAC5-4BDE-B13F-6C7451D4908C}.Release|x64.ActiveCfg = Release|x64
		{2A70EA22-BAC5-4BDE-B13F-6C7451D4908C}.Release|x64.Build.0 = Release|x64
		{2A70EA22-BAC5-4BDE-B13F-6C7451D4908C}.Release|x86.ActiveCfg = Release|Win32
		{2A70EA22-BAC5-4BDE-B13F-6C7451D4908C}.Release|x86.Build.0 = Release|Win32
		{530AF61B-9DCF-4485-BAF8-043D0BD84D24}.Debug|Any CPU.ActiveCfg = Debug|Any CPU
		{530AF61B-9DCF-4485-BAF8-043D0BD84D24}.Debug|Any CPU.Build.0 = Debug|Any CPU
		{530AF61B-9DCF-4485-BAF8-043D0BD84D24}.Debug|x64.ActiveCfg = Debug|x64
		{530AF61B-9DCF-4485-BAF8-043D0BD84D24}.Debug|x64.Build.0 = Debug|x64
		{530AF61B-9DCF-4485-BAF8-043D0BD84D24}.Debug|x86.ActiveCfg = Debug|x86
		{530AF61B-9DCF-4485-BAF8-043D0BD84D24}.Debug|x86.Build.0 = Debug|x86
		{530AF61B-9DCF-4485-BAF8-043D0BD84D24}.Release|Any CPU.ActiveCfg = Release|Any CPU
		{530AF61B-9DCF-4485-BAF8-043D0BD84D24}.Release|Any CPU.Build.0 = Release|Any CPU
		{530AF61B-9DCF-4485-BAF8-043D0BD84D24}.Release|x64.ActiveCfg = Release|x64
		{530AF61B-9DCF-4485-BAF8-043D0BD84D24}.Release|x64.Build.0 = Release|x64
		{530AF61B-9DCF-4485-BAF8-043D0BD84D24}.Release|x86.ActiveCfg = Release|x86
		{530AF61B-9DCF-4485-BAF8-043D0BD84D24}.Release|x86.Build.0 = Release|x86
		{9BCB87EC-97F6-45BC-A352-108E6A744EF9}.Debug|Any CPU.ActiveCfg = Debug|x64
		{9BCB87EC-97F6-45BC-A352-108E6A744EF9}.Debug|Any CPU.Build.0 = Debug|x64
		{9BCB87EC-97F6-45BC-A352-108E6A744EF9}.Debug|x64.ActiveCfg = Debug|x64
		{9BCB87EC-97F6-45BC-A352-108E6A744EF9}.Debug|x64.Build.0 = Debug|x64
		{9BCB87EC-97F6-45BC-A352-108E6A744EF9}.Debug|x86.ActiveCfg = Debug|Win32
		{9BCB87EC-97F6-45BC-A352-108E6A744EF9}.Debug|x86.Build.0 = Debug|Win32
		{9BCB87EC-97F6-45BC-A352-108E6A744EF9}.Release|Any CPU.ActiveCfg = Release|x64
		{9BCB87EC-97F6-45BC-A352-108E6A744EF9}.Release|Any CPU.Build.0 = Release|x64
		{9BCB87EC-97F6-45BC-A352-108E6A744EF9}.Release|x64.ActiveCfg = Release|x64
		{9BCB87EC-97F6-45BC-A352-108E6A744EF9}.Release|x64.Build.0 = Release|x64
		{9BCB87EC-97F6-45BC-A352-108E6A744EF9}.Release|x86.ActiveCfg = Release|Win32
		{9BCB87EC-97F6-45BC-A352-108E6A744EF9}.Release|x86.Build.0 = Release|Win32
	EndGlobalSection
	GlobalSection(SolutionProperties) = preSolution
		HideSolutionNode = FALSE
	EndGlobalSection
	GlobalSection(NestedProjects) = preSolution
		{79937FE1-2E38-4A52-9A58-A0DD6361E6B7} = {538BF0AF-2996-4C8E-ADB7-F8BC5480450D}
		{2196B42F-3F13-4D71-A5B9-D3810A23B960} = {890D98D3-F3AF-4E04-8F63-BC7CF7902159}
		{2A70EA22-BAC5-4BDE-B13F-6C7451D4908C} = {D8F91BFD-AA33-4922-8581-8FFB530C6D71}
		{530AF61B-9DCF-4485-BAF8-043D0BD84D24} = {538BF0AF-2996-4C8E-ADB7-F8BC5480450D}
		{9BCB87EC-97F6-45BC-A352-108E6A744EF9} = {890D98D3-F3AF-4E04-8F63-BC7CF7902159}
	EndGlobalSection
	GlobalSection(ExtensibilityGlobals) = postSolution
		SolutionGuid = {B851A19D-AD2C-42E9-AFC7-CB125478D8FB}
	EndGlobalSection
EndGlobal
